github.com/disintegration/gift v1.2.1 h1:Y005a1X4Z7Uc+0gLpSAsKhWi4qLtsdEcMIbbdvdZ6pc=
github.com/disintegration/gift v1.2.1/go.mod h1:Jh2i7f7Q2BM7Ezno3PhfezbR1xpUg9dUg3/RlKGr4HI=
github.com/esimov/stackblur-go v1.1.0 h1:fwnZJC/7sHFzu4CDMgdJ1QxMN/q3k5MGILuoU4hH6oQ=
github.com/esimov/stackblur-go v1.1.0/go.mod h1:7PcTPCHHKStxbZvBkUlQJjRclqjnXtQ0NoORZt1AlHE=
